
Microsoft Visual Studio Solution File, Format Version 12.00
# Visual Studio Version 17
VisualStudioVersion = 17.6.33829.357
MinimumVisualStudioVersion = 10.0.40219.1
Project("{FAE04EC0-301F-11D3-BF4B-00C04F79EFBC}") = "WebApplication2", "WebApplication2\WebApplication2.csproj", "{347FD2A3-3FE0-4C98-83A3-6EE13E6BCD51}"
EndProject
Global
	GlobalSection(SolutionConfigurationPlatforms) = preSolution
		Debug|Any CPU = Debug|Any CPU
		Release|Any CPU = Release|Any CPU
	EndGlobalSection
	GlobalSection(ProjectConfigurationPlatforms) = postSolution
		{347FD2A3-3FE0-4C98-83A3-6EE13E6BCD51}.Debug|Any CPU.ActiveCfg = Debug|Any CPU
		{347FD2A3-3FE0-4C98-83A3-6EE13E6BCD51}.Debug|Any CPU.Build.0 = Debug|Any CPU
		{347FD2A3-3FE0-4C98-83A3-6EE13E6BCD51}.Release|Any CPU.ActiveCfg = Release|Any CPU
		{347FD2A3-3FE0-4C98-83A3-6EE13E6BCD51}.Release|Any CPU.Build.0 = Release|Any CPU
	EndGlobalSection
	GlobalSection(SolutionProperties) = preSolution
		HideSolutionNode = FALSE
	EndGlobalSection
	GlobalSection(ExtensibilityGlobals) = postSolution
		SolutionGuid = {11AB9DE3-F1F4-43A5-9CF1-242A9B6B1952}
	EndGlobalSection
EndGlobal
